
Microsoft Visual Studio Solution File, Format Version 12.00
# Visual Studio 15
VisualStudioVersion = 15.0.28307.489
MinimumVisualStudioVersion = 10.0.40219.1
Project("{FAE04EC0-301F-11D3-BF4B-00C04F79EFBC}") = "WebApi", "WebApi\WebApi.csproj", "{5422CC5A-8225-4035-8742-9175CA16DA47}"
EndProject
Global
	GlobalSection(SolutionConfigurationPlatforms) = preSolution
		Debug|Any CPU = Debug|Any CPU
		Release|Any CPU = Release|Any CPU
	EndGlobalSection
	GlobalSection(ProjectConfigurationPlatforms) = postSolution
		{5422CC5A-8225-4035-8742-9175CA16DA47}.Debug|Any CPU.ActiveCfg = Debug|Any CPU
		{5422CC5A-8225-4035-8742-9175CA16DA47}.Debug|Any CPU.Build.0 = Debug|Any CPU
		{5422CC5A-8225-4035-8742-9175CA16DA47}.Release|Any CPU.ActiveCfg = Release|Any CPU
		{5422CC5A-8225-4035-8742-9175CA16DA47}.Release|Any CPU.Build.0 = Release|Any CPU
	EndGlobalSection
	GlobalSection(SolutionProperties) = preSolution
		HideSolutionNode = FALSE
	EndGlobalSection
	GlobalSection(ExtensibilityGlobals) = postSolution
		SolutionGuid = {95269D62-6DE4-4C7A-86BF-A13F34CBB286}
	EndGlobalSection
EndGlobal
